// !$*UTF8*$!
{
	archiveVersion = 1;
	classes = {
	};
	objectVersion = 46;
	objects = {

/* Begin PBXBuildFile section */
		096E27A81E360ABF00DBDB6D /* AppDelegate.swift in Sources */ = {isa = PBXBuildFile; fileRef = 096E27A71E360ABF00DBDB6D /* AppDelegate.swift */; };
		096E27AA1E360ABF00DBDB6D /* ViewController.swift in Sources */ = {isa = PBXBuildFile; fileRef = 096E27A91E360ABF00DBDB6D /* ViewController.swift */; };
		096E27AD1E360ABF00DBDB6D /* Main.storyboard in Resources */ = {isa = PBXBuildFile; fileRef = 096E27AB1E360ABF00DBDB6D /* Main.storyboard */; };
		096E27AF1E360ABF00DBDB6D /* Assets.xcassets in Resources */ = {isa = PBXBuildFile; fileRef = 096E27AE1E360ABF00DBDB6D /* Assets.xcassets */; };
		096E27B21E360ABF00DBDB6D /* LaunchScreen.storyboard in Resources */ = {isa = PBXBuildFile; fileRef = 096E27B01E360ABF00DBDB6D /* LaunchScreen.storyboard */; };
/* End PBXBuildFile section */

/* Begin PBXFileReference section */
		096E27A41E360ABF00DBDB6D /* UserDefs.app */ = {isa = PBXFileReference; explicitFileType = wrapper.application; includeInIndex = 0; path = UserDefs.app; sourceTree = BUILT_PRODUCTS_DIR; };
		096E27A71E360ABF00DBDB6D /* AppDelegate.swift */ = {isa = PBXFileReference; lastKnownFileType = sourcecode.swift; path = AppDelegate.swift; sourceTree = "<group>"; };
		096E27A91E360ABF00DBDB6D /* ViewController.swift */ = {isa = PBXFileReference; lastKnownFileType = sourcecode.swift; path = ViewController.swift; sourceTree = "<group>"; };
		096E27AC1E360ABF00DBDB6D /* Base */ = {isa = PBXFileReference; lastKnownFileType = file.storyboard; name = Base; path = Base.lproj/Main.storyboard; sourceTree = "<group>"; };
		096E27AE1E360ABF00DBDB6D /* Assets.xcassets */ = {isa = PBXFileReference; lastKnownFileType = folder.assetcatalog; path = Assets.xcassets; sourceTree = "<group>"; };
		096E27B11E360ABF00DBDB6D /* Base */ = {isa = PBXFileReference; lastKnownFileType = file.storyboard; name = Base; path = Base.lproj/LaunchScreen.storyboard; sourceTree = "<group>"; };
		096E27B31E360ABF00DBDB6D /* Info.plist */ = {isa = PBXFileReference; lastKnownFileType = text.plist.xml; path = Info.plist; sourceTree = "<group>"; };
/* End PBXFileReference section */

/* Begin PBXFrameworksBuildPhase section */
		096E27A11E360ABF00DBDB6D /* Frameworks */ = {
			isa = PBXFrameworksBuildPhase;
			buildActionMask = 2147483647;
			files = (
			);
			runOnlyForDeploymentPostprocessing = 0;
		};
/* End PBXFrameworksBuildPhase section */

/* Begin PBXGroup section */
		096E279B1E360ABF00DBDB6D = {
			isa = PBXGroup;
			children = (
				096E27A61E360ABF00DBDB6D /* UserDefs */,
				096E27A51E360ABF00DBDB6D /* Products */,
			);
			sourceTree = "<group>";
		};
		096E27A51E360ABF00DBDB6D /* Products */ = {
			isa = PBXGroup;
			children = (
				096E27A41E360ABF00DBDB6D /* UserDefs.app */,
			);
			name = Products;
			sourceTree = "<group>";
		};
		096E27A61E360ABF00DBDB6D /* UserDefs */ = {
			isa = PBXGroup;
			children = (
				096E27A71E360ABF00DBDB6D /* AppDelegate.swift */,
				096E27A91E360ABF00DBDB6D /* ViewController.swift */,
				096E27AB1E360ABF00DBDB6D /* Main.storyboard */,
				096E27AE1E360ABF00DBDB6D /* Assets.xcassets */,
				096E27B01E360ABF00DBDB6D /* LaunchScreen.storyboard */,
				096E27B31E360ABF00DBDB6D /* Info.plist */,
			);
			path = UserDefs;
			sourceTree = "<group>";
		};
/* End PBXGroup section */

/* Begin PBXNativeTarget section */
		096E27A31E360ABF00DBDB6D /* UserDefs */ = {
			isa = PBXNativeTarget;
			buildConfigurationList = 096E27B61E360ABF00DBDB6D /* Build configuration list for PBXNativeTarget "UserDefs" */;
			buildPhases = (
				096E27A01E360ABF00DBDB6D /* Sources */,
				096E27A11E360ABF00DBDB6D /* Frameworks */,
				096E27A21E360ABF00DBDB6D /* Resources */,
			);
			buildRules = (
			);
			dependencies = (
			);
			name = UserDefs;
			productName = UserDefs;
			productReference = 096E27A41E360ABF00DBDB6D /* UserDefs.app */;
			productType = "com.apple.product-type.application";
		};
/* End PBXNativeTarget section */

/* Begin PBXProject section */
		096E279C1E360ABF00DBDB6D /* Project object */ = {
			isa = PBXProject;
			attributes = {
				LastSwiftUpdateCheck = 0800;
				LastUpgradeCheck = 0800;
				ORGANIZATIONNAME = Alex;
				TargetAttributes = {
					096E27A31E360ABF00DBDB6D = {
						CreatedOnToolsVersion = 8.0;
						ProvisioningStyle = Automatic;
					};
				};
			};
			buildConfigurationList = 096E279F1E360ABF00DBDB6D /* Build configuration list for PBXProject "UserDefs" */;
			compatibilityVersion = "Xcode 3.2";
			developmentRegion = English;
			hasScannedForEncodings = 0;
			knownRegions = (
				en,
				Base,
			);
			mainGroup = 096E279B1E360ABF00DBDB6D;
			productRefGroup = 096E27A51E360ABF00DBDB6D /* Products */;
			projectDirPath = "";
			projectRoot = "";
			targets = (
				096E27A31E360ABF00DBDB6D /* UserDefs */,
			);
		};
/* End PBXProject section */

/* Begin PBXResourcesBuildPhase section */
		096E27A21E360ABF00DBDB6D /* Resources */ = {
			isa = PBXResourcesBuildPhase;
			buildActionMask = 2147483647;
			files = (
				096E27B21E360ABF00DBDB6D /* LaunchScreen.storyboard in Resources */,
				096E27AF1E360ABF00DBDB6D /* Assets.xcassets in Resources */,
				096E27AD1E360ABF00DBDB6D /* Main.storyboard in Resources */,
			);
			runOnlyForDeploymentPostprocessing = 0;
		};
/* End PBXResourcesBuildPhase section */

/* Begin PBXSourcesBuildPhase section */
		096E27A01E360ABF00DBDB6D /* Sources */ = {
			isa = PBXSourcesBuildPhase;
			buildActionMask = 2147483647;
			files = (
				096E27AA1E360ABF00DBDB6D /* ViewController.swift in Sources */,
				096E27A81E360ABF00DBDB6D /* AppDelegate.swift in Sources */,
			);
			runOnlyForDeploymentPostprocessing = 0;
		};
/* End PBXSourcesBuildPhase section */

/* Begin PBXVariantGroup section */
		096E27AB1E360ABF00DBDB6D /* Main.storyboard */ = {
			isa = PBXVariantGroup;
			children = (
				096E27AC1E360ABF00DBDB6D /* Base */,
			);
			name = Main.storyboard;
			sourceTree = "<group>";
		};
		096E27B01E360ABF00DBDB6D /* LaunchScreen.storyboard */ = {
			isa = PBXVariantGroup;
			children = (
				096E27B11E360ABF00DBDB6D /* Base */,
			);
			name = LaunchScreen.storyboard;
			sourceTree = "<group>";
		};
/* End PBXVariantGroup section */

/* Begin XCBuildConfiguration section */
		096E27B41E360ABF00DBDB6D /* Debug */ = {
			isa = XCBuildConfiguration;
			buildSettings = {
				ALWAYS_SEARCH_USER_PATHS = NO;
				CLANG_ANALYZER_NONNULL = YES;
				CLANG_CXX_LANGUAGE_STANDARD = "gnu++0x";
				CLANG_CXX_LIBRARY = "libc++";
				CLANG_ENABLE_MODULES = YES;
				CLANG_ENABLE_OBJC_ARC = YES;
				CLANG_WARN_BOOL_CONVERSION = YES;
				CLANG_WARN_CONSTANT_CONVERSION = YES;
				CLANG_WARN_DIRECT_OBJC_ISA_USAGE = YES_ERROR;
				CLANG_WARN_DOCUMENTATION_COMMENTS = YES;
				CLANG_WARN_EMPTY_BODY = YES;
				CLANG_WARN_ENUM_CONVERSION = YES;
				CLANG_WARN_INFINITE_RECURSION = YES;
				CLANG_WARN_INT_CONVERSION = YES;
				CLANG_WARN_OBJC_ROOT_CLASS = YES_ERROR;
				CLANG_WARN_SUSPICIOUS_MOVES = YES;
				CLANG_WARN_UNREACHABLE_CODE = YES;
				CLANG_WARN__DUPLICATE_METHOD_MATCH = YES;
				"CODE_SIGN_IDENTITY[sdk=iphoneos*]" = "iPhone Developer";
				COPY_PHASE_STRIP = NO;
				DEBUG_INFORMATION_FORMAT = dwarf;
				ENABLE_STRICT_OBJC_MSGSEND = YES;
				ENABLE_TESTABILITY = YES;
				GCC_C_LANGUAGE_STANDARD = gnu99;
				GCC_DYNAMIC_NO_PIC = NO;
				GCC_NO_COMMON_BLOCKS = YES;
				GCC_OPTIMIZATION_LEVEL = 0;
				GCC_PREPROCESSOR_DEFINITIONS = (
					"DEBUG=1",
					"$(inherited)",
				);
				GCC_WARN_64_TO_32_BIT_CONVERSION = YES;
				GCC_WARN_ABOUT_RETURN_TYPE = YES_ERROR;
				GCC_WARN_UNDECLARED_SELECTOR = YES;
				GCC_WARN_UNINITIALIZED_AUTOS = YES_AGGRESSIVE;
				GCC_WARN_UNUSED_FUNCTION = YES;
				GCC_WARN_UNUSED_VARIABLE = YES;
				IPHONEOS_DEPLOYMENT_TARGET = 10.0;
				MTL_ENABLE_DEBUG_INFO = YES;
				ONLY_ACTIVE_ARCH = YES;
				SDKROOT = iphoneos;
				SWIFT_ACTIVE_COMPILATION_CONDITIONS = DEBUG;
				SWIFT_OPTIMIZATION_LEVEL = "-Onone";
				TARGETED_DEVICE_FAMILY = "1,2";
			};
			name = Debug;
		};
		096E27B51E360ABF00DBDB6D /* Release */ = {
			isa = XCBuildConfiguration;
			buildSettings = {
				ALWAYS_SEARCH_USER_PATHS = NO;
				CLANG_ANALYZER_NONNULL = YES;
				CLANG_CXX_LANGUAGE_STANDARD = "gnu++0x";
				CLANG_CXX_LIBRARY = "libc++";
				CLANG_ENABLE_MODULES = YES;
				CLANG_ENABLE_OBJC_ARC = YES;
				CLANG_WARN_BOOL_CONVERSION = YES;
				CLANG_WARN_CONSTANT_CONVERSION = YES;
				CLANG_WARN_DIRECT_OBJC_ISA_USAGE = YES_ERROR;
				CLANG_WARN_DOCUMENTATION_COMMENTS = YES;
				CLANG_WARN_EMPTY_BODY = YES;
				CLANG_WARN_ENUM_CONVERSION = YES;
				CLANG_WARN_INFINITE_RECURSION = YES;
				CLANG_WARN_INT_CONVERSION = YES;
				CLANG_WARN_OBJC_ROOT_CLASS = YES_ERROR;
				CLANG_WARN_SUSPICIOUS_MOVES = YES;
				CLANG_WARN_UNREACHABLE_CODE = YES;
				CLANG_WARN__DUPLICATE_METHOD_MATCH = YES;
				"CODE_SIGN_IDENTITY[sdk=iphoneos*]" = "iPhone Developer";
				COPY_PHASE_STRIP = NO;
				DEBUG_INFORMATION_FORMAT = "dwarf-with-dsym";
				ENABLE_NS_ASSERTIONS = NO;
				ENABLE_STRICT_OBJC_MSGSEND = YES;
				GCC_C_LANGUAGE_STANDARD = gnu99;
				GCC_NO_COMMON_BLOCKS = YES;
				GCC_WARN_64_TO_32_BIT_CONVERSION = YES;
				GCC_WARN_ABOUT_RETURN_TYPE = YES_ERROR;
				GCC_WARN_UNDECLARED_SELECTOR = YES;
				GCC_WARN_UNINITIALIZED_AUTOS = YES_AGGRESSIVE;
				GCC_WARN_UNUSED_FUNCTION = YES;
				GCC_WARN_UNUSED_VARIABLE = YES;
				IPHONEOS_DEPLOYMENT_TARGET = 10.0;
				MTL_ENABLE_DEBUG_INFO = NO;
				SDKROOT = iphoneos;
				SWIFT_OPTIMIZATION_LEVEL = "-Owholemodule";
				TARGETED_DEVICE_FAMILY = "1,2";
				VALIDATE_PRODUCT = YES;
			};
			name = Release;
		};
		096E27B71E360ABF00DBDB6D /* Debug */ = {
			isa = XCBuildConfiguration;
			buildSettings = {
				ASSETCATALOG_COMPILER_APPICON_NAME = AppIcon;
				INFOPLIST_FILE = UserDefs/Info.plist;
				LD_RUNPATH_SEARCH_PATHS = "$(inherited) @executable_path/Frameworks";
				PRODUCT_BUNDLE_IDENTIFIER = AlexCompany.UserDefs;
				PRODUCT_NAME = "$(TARGET_NAME)";
				SWIFT_VERSION = 3.0;
			};
			name = Debug;
		};
		096E27B81E360ABF00DBDB6D /* Release */ = {
			isa = XCBuildConfiguration;
			buildSettings = {
				ASSETCATALOG_COMPILER_APPICON_NAME = AppIcon;
				INFOPLIST_FILE = UserDefs/Info.plist;
				LD_RUNPATH_SEARCH_PATHS = "$(inherited) @executable_path/Frameworks";
				PRODUCT_BUNDLE_IDENTIFIER = AlexCompany.UserDefs;
				PRODUCT_NAME = "$(TARGET_NAME)";
				SWIFT_VERSION = 3.0;
			};
			name = Release;
		};
/* End XCBuildConfiguration section */

/* Begin XCConfigurationList section */
		096E279F1E360ABF00DBDB6D /* Build configuration list for PBXProject "UserDefs" */ = {
			isa = XCConfigurationList;
			buildConfigurations = (
				096E27B41E360ABF00DBDB6D /* Debug */,
				096E27B51E360ABF00DBDB6D /* Release */,
			);
			defaultConfigurationIsVisible = 0;
			defaultConfigurationName = Release;
		};
		096E27B61E360ABF00DBDB6D /* Build configuration list for PBXNativeTarget "UserDefs" */ = {
			isa = XCConfigurationList;
			buildConfigurations = (
				096E27B71E360ABF00DBDB6D /* Debug */,
				096E27B81E360ABF00DBDB6D /* Release */,
			);
			defaultConfigurationIsVisible = 0;
		};
/* End XCConfigurationList section */
	};
	rootObject = 096E279C1E360ABF00DBDB6D /* Project object */;
}
